schema: '2.0'
stages:
  data_cleaning:
    cmd: python src/data/data_cleaning.py
    deps:
    - path: data/raw/swiggy.csv
      hash: md5
      md5: 55bd6cc42f2360b5de9569cf9cbd8342
      size: 7726618
    - path: src/data/data_cleaning.py
      hash: md5
      md5: f5ad421aafd57c91a1366fef5b226570
      size: 9519
    outs:
    - path: data/cleaned/swiggy_cleaned.csv
      hash: md5
      md5: 4918716e52fc57babdcd400dfb3c3f29
      size: 4508527
  data_preparation:
    cmd: python src/data/data_preparation.py
    deps:
    - path: data/cleaned/swiggy_cleaned.csv
      hash: md5
      md5: 4918716e52fc57babdcd400dfb3c3f29
      size: 4508527
    - path: src/data/data_preparation.py
      hash: md5
      md5: 1a2f4a972f536c5e0c3e35e2142ccf23
      size: 4466
    params:
      params.yaml:
        Data_Preparation.random_state: 42
        Data_Preparation.test_size: 0.2
    outs:
    - path: data/interim/test.csv
      hash: md5
      md5: 20172ab330931a534fcb3fb75bf1b77a
      size: 901132
    - path: data/interim/train.csv
      hash: md5
      md5: 08e8f74451482dfdf2f472e94acb5993
      size: 3604437
  data_preprocessing:
    cmd: python src/features/data_preprocessing.py
    deps:
    - path: data/interim/test.csv
      hash: md5
      md5: 20172ab330931a534fcb3fb75bf1b77a
      size: 901132
    - path: data/interim/train.csv
      hash: md5
      md5: 08e8f74451482dfdf2f472e94acb5993
      size: 3604437
    - path: src/features/data_preprocessing.py
      hash: md5
      md5: e668d8caab6050c9f23fd374173a728c
      size: 6865
    outs:
    - path: data/processed/test_trans.csv
      hash: md5
      md5: 2519c7291782edca74e688cc944df5b9
      size: 1089313
    - path: data/processed/train_trans.csv
      hash: md5
      md5: 0d2f47751596e1c0f6bffbf7bb582a07
      size: 4329420
    - path: models/preprocessor.joblib
      hash: md5
      md5: 7e407641f09e15c85ffaba74335ee03d
      size: 7487
  train:
    cmd: python src/models/train.py
    deps:
    - path: data/processed/train_trans.csv
      hash: md5
      md5: 0d2f47751596e1c0f6bffbf7bb582a07
      size: 4329420
    - path: src/models/train.py
      hash: md5
      md5: b7b69ed8e77672b21bfffc93336aa161
      size: 4910
    params:
      params.yaml:
        Train.LightGBM:
          n_estimators: 200
          max_depth: 15
          learning_rate: 0.025811265327068796
          num_leaves: 84
          n_jobs: -1
        Train.Random_Forest:
          n_estimators: 400
          criterion: squared_error
          max_depth: 14
          max_features: 0.7
          min_samples_leaf: 5
          verbose: 1
          n_jobs: -1
    outs:
    - path: models/model.joblib
      hash: md5
      md5: b8f40cd4fb2e407fa07ef9ed614ea3d5
      size: 109989096
    - path: models/power_transformer.joblib
      hash: md5
      md5: 745137997ff81066d277b6399b635e77
      size: 837
    - path: models/stacking_regressor.joblib
      hash: md5
      md5: f9ec360ec2684c88961edb2bb70c91c8
      size: 109972410
  evaluation:
    cmd: python src/models/evaluation.py
    deps:
    - path: data/processed/test_trans.csv
      hash: md5
      md5: 2519c7291782edca74e688cc944df5b9
      size: 1089313
    - path: data/processed/train_trans.csv
      hash: md5
      md5: 0d2f47751596e1c0f6bffbf7bb582a07
      size: 4329420
    - path: models/model.joblib
      hash: md5
      md5: b8f40cd4fb2e407fa07ef9ed614ea3d5
      size: 109989096
    - path: src/models/evaluation.py
      hash: md5
      md5: f8f658c54f8720ca08ea45eab5ec7e10
      size: 4855
